
Microsoft Visual Studio Solution File, Format Version 12.00
# Visual Studio 15
VisualStudioVersion = 15.0.27428.2043
MinimumVisualStudioVersion = 10.0.40219.1
Project("{9A19103F-16F7-4668-BE54-9A1E7A4F7556}") = "Comp.NeuralNetwork", "Comp.NeuralNetwork\Comp.NeuralNetwork.csproj", "{87053D74-18E4-43E5-A55B-05B9A8CFCB4D}"
EndProject
Project("{9A19103F-16F7-4668-BE54-9A1E7A4F7556}") = "Comp.ConsoleUI", "Comp.ConsoleUI\Comp.ConsoleUI.csproj", "{435CFCCE-CADA-4D05-811B-7AAF75543DFB}"
EndProject
Project("{9A19103F-16F7-4668-BE54-9A1E7A4F7556}") = "Comp.Compress", "Comp.Compress\Comp.Compress.csproj", "{A9CB8598-57EE-4AD9-8367-12559AE543A2}"
EndProject
Project("{9A19103F-16F7-4668-BE54-9A1E7A4F7556}") = "Comp.General", "Comp.General\Comp.General.csproj", "{D0C04244-9CDE-415F-AB68-DAA13FA69CC7}"
EndProject
Project("{2150E333-8FDC-42A3-9474-1A3956D46DE8}") = "UI", "UI", "{09C3A1D4-4D1D-4465-8207-9A08A7B4B4E1}"
EndProject
Project("{2150E333-8FDC-42A3-9474-1A3956D46DE8}") = "Shared", "Shared", "{B93ACDFE-B3EE-44FD-ACCF-69B9FD30D239}"
EndProject
Project("{2150E333-8FDC-42A3-9474-1A3956D46DE8}") = "Compression", "Compression", "{24661201-F4FB-451F-B8BA-A62FCF9D36AB}"
EndProject
Project("{FAE04EC0-301F-11D3-BF4B-00C04F79EFBC}") = "Comp.CompressionNetwork", "Comp.CompressionNetwork\Comp.CompressionNetwork.csproj", "{EB7CC62F-7277-45DB-86D2-6CE0B7DFA423}"
EndProject
Global
	GlobalSection(SolutionConfigurationPlatforms) = preSolution
		Debug|Any CPU = Debug|Any CPU
		Release|Any CPU = Release|Any CPU
	EndGlobalSection
	GlobalSection(ProjectConfigurationPlatforms) = postSolution
		{87053D74-18E4-43E5-A55B-05B9A8CFCB4D}.Debug|Any CPU.ActiveCfg = Debug|Any CPU
		{87053D74-18E4-43E5-A55B-05B9A8CFCB4D}.Debug|Any CPU.Build.0 = Debug|Any CPU
		{87053D74-18E4-43E5-A55B-05B9A8CFCB4D}.Release|Any CPU.ActiveCfg = Release|Any CPU
		{87053D74-18E4-43E5-A55B-05B9A8CFCB4D}.Release|Any CPU.Build.0 = Release|Any CPU
		{435CFCCE-CADA-4D05-811B-7AAF75543DFB}.Debug|Any CPU.ActiveCfg = Debug|Any CPU
		{435CFCCE-CADA-4D05-811B-7AAF75543DFB}.Debug|Any CPU.Build.0 = Debug|Any CPU
		{435CFCCE-CADA-4D05-811B-7AAF75543DFB}.Release|Any CPU.ActiveCfg = Release|Any CPU
		{435CFCCE-CADA-4D05-811B-7AAF75543DFB}.Release|Any CPU.Build.0 = Release|Any CPU
		{A9CB8598-57EE-4AD9-8367-12559AE543A2}.Debug|Any CPU.ActiveCfg = Debug|Any CPU
		{A9CB8598-57EE-4AD9-8367-12559AE543A2}.Debug|Any CPU.Build.0 = Debug|Any CPU
		{A9CB8598-57EE-4AD9-8367-12559AE543A2}.Release|Any CPU.ActiveCfg = Release|Any CPU
		{A9CB8598-57EE-4AD9-8367-12559AE543A2}.Release|Any CPU.Build.0 = Release|Any CPU
		{D0C04244-9CDE-415F-AB68-DAA13FA69CC7}.Debug|Any CPU.ActiveCfg = Debug|Any CPU
		{D0C04244-9CDE-415F-AB68-DAA13FA69CC7}.Debug|Any CPU.Build.0 = Debug|Any CPU
		{D0C04244-9CDE-415F-AB68-DAA13FA69CC7}.Release|Any CPU.ActiveCfg = Release|Any CPU
		{D0C04244-9CDE-415F-AB68-DAA13FA69CC7}.Release|Any CPU.Build.0 = Release|Any CPU
		{EB7CC62F-7277-45DB-86D2-6CE0B7DFA423}.Debug|Any CPU.ActiveCfg = Debug|Any CPU
		{EB7CC62F-7277-45DB-86D2-6CE0B7DFA423}.Debug|Any CPU.Build.0 = Debug|Any CPU
		{EB7CC62F-7277-45DB-86D2-6CE0B7DFA423}.Release|Any CPU.ActiveCfg = Release|Any CPU
		{EB7CC62F-7277-45DB-86D2-6CE0B7DFA423}.Release|Any CPU.Build.0 = Release|Any CPU
	EndGlobalSection
	GlobalSection(SolutionProperties) = preSolution
		HideSolutionNode = FALSE
	EndGlobalSection
	GlobalSection(NestedProjects) = preSolution
		{87053D74-18E4-43E5-A55B-05B9A8CFCB4D} = {24661201-F4FB-451F-B8BA-A62FCF9D36AB}
		{435CFCCE-CADA-4D05-811B-7AAF75543DFB} = {09C3A1D4-4D1D-4465-8207-9A08A7B4B4E1}
		{A9CB8598-57EE-4AD9-8367-12559AE543A2} = {24661201-F4FB-451F-B8BA-A62FCF9D36AB}
		{D0C04244-9CDE-415F-AB68-DAA13FA69CC7} = {B93ACDFE-B3EE-44FD-ACCF-69B9FD30D239}
		{EB7CC62F-7277-45DB-86D2-6CE0B7DFA423} = {24661201-F4FB-451F-B8BA-A62FCF9D36AB}
	EndGlobalSection
	GlobalSection(ExtensibilityGlobals) = postSolution
		SolutionGuid = {0024537A-EE9F-4120-BB3A-668C6A4E88FB}
	EndGlobalSection
EndGlobal
