
Microsoft Visual Studio Solution File, Format Version 12.00
# Visual Studio 15
VisualStudioVersion = 15.0.28010.2048
MinimumVisualStudioVersion = 10.0.40219.1
Project("{FAE04EC0-301F-11D3-BF4B-00C04F79EFBC}") = "DataGenerator", "DataGenerator\DataGenerator.csproj", "{B01C4A8C-F24E-400D-BE48-DFC8BE58A483}"
EndProject
Global
	GlobalSection(SolutionConfigurationPlatforms) = preSolution
		Debug|Any CPU = Debug|Any CPU
		Release|Any CPU = Release|Any CPU
	EndGlobalSection
	GlobalSection(ProjectConfigurationPlatforms) = postSolution
		{B01C4A8C-F24E-400D-BE48-DFC8BE58A483}.Debug|Any CPU.ActiveCfg = Debug|Any CPU
		{B01C4A8C-F24E-400D-BE48-DFC8BE58A483}.Debug|Any CPU.Build.0 = Debug|Any CPU
		{B01C4A8C-F24E-400D-BE48-DFC8BE58A483}.Release|Any CPU.ActiveCfg = Release|Any CPU
		{B01C4A8C-F24E-400D-BE48-DFC8BE58A483}.Release|Any CPU.Build.0 = Release|Any CPU
	EndGlobalSection
	GlobalSection(SolutionProperties) = preSolution
		HideSolutionNode = FALSE
	EndGlobalSection
	GlobalSection(ExtensibilityGlobals) = postSolution
		SolutionGuid = {CC27D0FD-4500-4E53-BF1D-C427BE6868F7}
	EndGlobalSection
EndGlobal
